
Microsoft Visual Studio Solution File, Format Version 12.00
# Visual Studio Version 17
VisualStudioVersion = 17.14.36811.4 d17.14
MinimumVisualStudioVersion = 10.0.40219.1
Project("{9A19103F-16F7-4668-BE54-9A1E7A4F7556}") = "Infrastructure", "Infrastructure\Infrastructure.csproj", "{65E26C35-CA51-4D6A-BE13-79C5AF9003BA}"
EndProject
Project("{2150E333-8FDC-42A3-9474-1A3956D46DE8}") = "Infrastructure", "Infrastructure", "{8401F803-98E6-4A7D-96AC-9A1D211BC8B1}"
EndProject
Project("{9A19103F-16F7-4668-BE54-9A1E7A4F7556}") = "Infrastructure.Interfaces", "Infrastructure.Interfaces\Infrastructure.Interfaces.csproj", "{25074BC4-9FA7-4469-993D-164E137F6ABC}"
EndProject
Project("{9A19103F-16F7-4668-BE54-9A1E7A4F7556}") = "Domain", "Domain\Domain.csproj", "{D39E5E07-B7D4-4E65-88BD-D0874C33DB65}"
EndProject
Project("{2150E333-8FDC-42A3-9474-1A3956D46DE8}") = "Core", "Core", "{8C12B773-0226-4048-AB53-7E62A82C501A}"
EndProject
Project("{9A19103F-16F7-4668-BE54-9A1E7A4F7556}") = "UnitTest.Integration.Repositories", "UnitTest.Integration.Repositories\UnitTest.Integration.Repositories.csproj", "{E909C521-13F8-40EC-A629-D6F045551E40}"
EndProject
Project("{2150E333-8FDC-42A3-9474-1A3956D46DE8}") = "Tests", "Tests", "{4B4E5374-F8AC-457B-927D-1AF8EE0EB360}"
EndProject
Project("{9A19103F-16F7-4668-BE54-9A1E7A4F7556}") = "Application.Interfaces", "Application.Interfaces\Application.Interfaces.csproj", "{2FFC3727-0A80-437D-BBC5-CEED04C8F52D}"
EndProject
Project("{9A19103F-16F7-4668-BE54-9A1E7A4F7556}") = "Application", "Application\Application.csproj", "{626198BE-B168-4CA8-A2FE-1E1E9DB033C7}"
EndProject
Project("{9A19103F-16F7-4668-BE54-9A1E7A4F7556}") = "API", "API\API.csproj", "{FEC344C4-2848-491A-BF89-55AF3242EDA9}"
EndProject
Project("{2150E333-8FDC-42A3-9474-1A3956D46DE8}") = "Presentation", "Presentation", "{49077553-3325-4982-85EE-BB0B68370DB3}"
EndProject
Project("{9A19103F-16F7-4668-BE54-9A1E7A4F7556}") = "Application.IoC", "Application.IoC\Application.IoC.csproj", "{E6C1CB28-D84F-4E0B-BEB7-EE436989FAA1}"
EndProject
Project("{9A19103F-16F7-4668-BE54-9A1E7A4F7556}") = "Infrastructure.IoC", "Infrastructure.IoC\Infrastructure.IoC.csproj", "{0E1D45A0-DA62-4EE1-8573-2959255BEC2F}"
EndProject
Project("{9A19103F-16F7-4668-BE54-9A1E7A4F7556}") = "Infrastructure.Domain", "Infrastructure.Domain\Infrastructure.Domain.csproj", "{533246D5-BE06-418D-AFF9-A56AAFEA4EF8}"
EndProject
Global
	GlobalSection(SolutionConfigurationPlatforms) = preSolution
		Debug|Any CPU = Debug|Any CPU
		Release|Any CPU = Release|Any CPU
	EndGlobalSection
	GlobalSection(ProjectConfigurationPlatforms) = postSolution
		{65E26C35-CA51-4D6A-BE13-79C5AF9003BA}.Debug|Any CPU.ActiveCfg = Debug|Any CPU
		{65E26C35-CA51-4D6A-BE13-79C5AF9003BA}.Debug|Any CPU.Build.0 = Debug|Any CPU
		{65E26C35-CA51-4D6A-BE13-79C5AF9003BA}.Release|Any CPU.ActiveCfg = Release|Any CPU
		{65E26C35-CA51-4D6A-BE13-79C5AF9003BA}.Release|Any CPU.Build.0 = Release|Any CPU
		{25074BC4-9FA7-4469-993D-164E137F6ABC}.Debug|Any CPU.ActiveCfg = Debug|Any CPU
		{25074BC4-9FA7-4469-993D-164E137F6ABC}.Debug|Any CPU.Build.0 = Debug|Any CPU
		{25074BC4-9FA7-4469-993D-164E137F6ABC}.Release|Any CPU.ActiveCfg = Release|Any CPU
		{25074BC4-9FA7-4469-993D-164E137F6ABC}.Release|Any CPU.Build.0 = Release|Any CPU
		{D39E5E07-B7D4-4E65-88BD-D0874C33DB65}.Debug|Any CPU.ActiveCfg = Debug|Any CPU
		{D39E5E07-B7D4-4E65-88BD-D0874C33DB65}.Debug|Any CPU.Build.0 = Debug|Any CPU
		{D39E5E07-B7D4-4E65-88BD-D0874C33DB65}.Release|Any CPU.ActiveCfg = Release|Any CPU
		{D39E5E07-B7D4-4E65-88BD-D0874C33DB65}.Release|Any CPU.Build.0 = Release|Any CPU
		{E909C521-13F8-40EC-A629-D6F045551E40}.Debug|Any CPU.ActiveCfg = Debug|Any CPU
		{E909C521-13F8-40EC-A629-D6F045551E40}.Debug|Any CPU.Build.0 = Debug|Any CPU
		{E909C521-13F8-40EC-A629-D6F045551E40}.Release|Any CPU.ActiveCfg = Release|Any CPU
		{E909C521-13F8-40EC-A629-D6F045551E40}.Release|Any CPU.Build.0 = Release|Any CPU
		{2FFC3727-0A80-437D-BBC5-CEED04C8F52D}.Debug|Any CPU.ActiveCfg = Debug|Any CPU
		{2FFC3727-0A80-437D-BBC5-CEED04C8F52D}.Debug|Any CPU.Build.0 = Debug|Any CPU
		{2FFC3727-0A80-437D-BBC5-CEED04C8F52D}.Release|Any CPU.ActiveCfg = Release|Any CPU
		{2FFC3727-0A80-437D-BBC5-CEED04C8F52D}.Release|Any CPU.Build.0 = Release|Any CPU
		{626198BE-B168-4CA8-A2FE-1E1E9DB033C7}.Debug|Any CPU.ActiveCfg = Debug|Any CPU
		{626198BE-B168-4CA8-A2FE-1E1E9DB033C7}.Debug|Any CPU.Build.0 = Debug|Any CPU
		{626198BE-B168-4CA8-A2FE-1E1E9DB033C7}.Release|Any CPU.ActiveCfg = Release|Any CPU
		{626198BE-B168-4CA8-A2FE-1E1E9DB033C7}.Release|Any CPU.Build.0 = Release|Any CPU
		{FEC344C4-2848-491A-BF89-55AF3242EDA9}.Debug|Any CPU.ActiveCfg = Debug|Any CPU
		{FEC344C4-2848-491A-BF89-55AF3242EDA9}.Debug|Any CPU.Build.0 = Debug|Any CPU
		{FEC344C4-2848-491A-BF89-55AF3242EDA9}.Release|Any CPU.ActiveCfg = Release|Any CPU
		{FEC344C4-2848-491A-BF89-55AF3242EDA9}.Release|Any CPU.Build.0 = Release|Any CPU
		{E6C1CB28-D84F-4E0B-BEB7-EE436989FAA1}.Debug|Any CPU.ActiveCfg = Debug|Any CPU
		{E6C1CB28-D84F-4E0B-BEB7-EE436989FAA1}.Debug|Any CPU.Build.0 = Debug|Any CPU
		{E6C1CB28-D84F-4E0B-BEB7-EE436989FAA1}.Release|Any CPU.ActiveCfg = Release|Any CPU
		{E6C1CB28-D84F-4E0B-BEB7-EE436989FAA1}.Release|Any CPU.Build.0 = Release|Any CPU
		{0E1D45A0-DA62-4EE1-8573-2959255BEC2F}.Debug|Any CPU.ActiveCfg = Debug|Any CPU
		{0E1D45A0-DA62-4EE1-8573-2959255BEC2F}.Debug|Any CPU.Build.0 = Debug|Any CPU
		{0E1D45A0-DA62-4EE1-8573-2959255BEC2F}.Release|Any CPU.ActiveCfg = Release|Any CPU
		{0E1D45A0-DA62-4EE1-8573-2959255BEC2F}.Release|Any CPU.Build.0 = Release|Any CPU
		{533246D5-BE06-418D-AFF9-A56AAFEA4EF8}.Debug|Any CPU.ActiveCfg = Debug|Any CPU
		{533246D5-BE06-418D-AFF9-A56AAFEA4EF8}.Debug|Any CPU.Build.0 = Debug|Any CPU
		{533246D5-BE06-418D-AFF9-A56AAFEA4EF8}.Release|Any CPU.ActiveCfg = Release|Any CPU
		{533246D5-BE06-418D-AFF9-A56AAFEA4EF8}.Release|Any CPU.Build.0 = Release|Any CPU
	EndGlobalSection
	GlobalSection(SolutionProperties) = preSolution
		HideSolutionNode = FALSE
	EndGlobalSection
	GlobalSection(NestedProjects) = preSolution
		{65E26C35-CA51-4D6A-BE13-79C5AF9003BA} = {8401F803-98E6-4A7D-96AC-9A1D211BC8B1}
		{25074BC4-9FA7-4469-993D-164E137F6ABC} = {8401F803-98E6-4A7D-96AC-9A1D211BC8B1}
		{D39E5E07-B7D4-4E65-88BD-D0874C33DB65} = {8C12B773-0226-4048-AB53-7E62A82C501A}
		{E909C521-13F8-40EC-A629-D6F045551E40} = {4B4E5374-F8AC-457B-927D-1AF8EE0EB360}
		{2FFC3727-0A80-437D-BBC5-CEED04C8F52D} = {8C12B773-0226-4048-AB53-7E62A82C501A}
		{626198BE-B168-4CA8-A2FE-1E1E9DB033C7} = {8C12B773-0226-4048-AB53-7E62A82C501A}
		{FEC344C4-2848-491A-BF89-55AF3242EDA9} = {49077553-3325-4982-85EE-BB0B68370DB3}
		{E6C1CB28-D84F-4E0B-BEB7-EE436989FAA1} = {8C12B773-0226-4048-AB53-7E62A82C501A}
		{0E1D45A0-DA62-4EE1-8573-2959255BEC2F} = {8401F803-98E6-4A7D-96AC-9A1D211BC8B1}
		{533246D5-BE06-418D-AFF9-A56AAFEA4EF8} = {8401F803-98E6-4A7D-96AC-9A1D211BC8B1}
	EndGlobalSection
	GlobalSection(ExtensibilityGlobals) = postSolution
		SolutionGuid = {1C32DEB3-EB51-4E81-9AD8-066608510C22}
	EndGlobalSection
EndGlobal
